
Microsoft Visual Studio Solution File, Format Version 12.00
# Visual Studio 15
VisualStudioVersion = 15.0.28010.2016
MinimumVisualStudioVersion = 10.0.40219.1
Project("{FAE04EC0-301F-11D3-BF4B-00C04F79EFBC}") = "ProvaRodrigoPedidoItens", "ProvaRodrigoPedidoItens\ProvaRodrigoPedidoItens.csproj", "{62D7BC1C-1ABA-4FE3-9396-26AA62EC6712}"
EndProject
Global
	GlobalSection(SolutionConfigurationPlatforms) = preSolution
		Debug|Any CPU = Debug|Any CPU
		Release|Any CPU = Release|Any CPU
	EndGlobalSection
	GlobalSection(ProjectConfigurationPlatforms) = postSolution
		{62D7BC1C-1ABA-4FE3-9396-26AA62EC6712}.Debug|Any CPU.ActiveCfg = Debug|Any CPU
		{62D7BC1C-1ABA-4FE3-9396-26AA62EC6712}.Debug|Any CPU.Build.0 = Debug|Any CPU
		{62D7BC1C-1ABA-4FE3-9396-26AA62EC6712}.Release|Any CPU.ActiveCfg = Release|Any CPU
		{62D7BC1C-1ABA-4FE3-9396-26AA62EC6712}.Release|Any CPU.Build.0 = Release|Any CPU
	EndGlobalSection
	GlobalSection(SolutionProperties) = preSolution
		HideSolutionNode = FALSE
	EndGlobalSection
	GlobalSection(ExtensibilityGlobals) = postSolution
		SolutionGuid = {E24964B9-7E95-424D-861B-F58402A1E0A6}
	EndGlobalSection
EndGlobal
